// !$*UTF8*$!
{
	archiveVersion = 1;
	classes = {
	};
	objectVersion = 46;
	objects = {

/* Begin PBXBuildFile section */
		F577F5C91C0BD6A200C8DCA3 /* AppDelegate.swift in Sources */ = {isa = PBXBuildFile; fileRef = F577F5C81C0BD6A200C8DCA3 /* AppDelegate.swift */; };
		F577F5CB1C0BD6A200C8DCA3 /* ViewController.swift in Sources */ = {isa = PBXBuildFile; fileRef = F577F5CA1C0BD6A200C8DCA3 /* ViewController.swift */; };
		F577F5CE1C0BD6A200C8DCA3 /* Main.storyboard in Resources */ = {isa = PBXBuildFile; fileRef = F577F5CC1C0BD6A200C8DCA3 /* Main.storyboard */; };
		F577F5D01C0BD6A200C8DCA3 /* Assets.xcassets in Resources */ = {isa = PBXBuildFile; fileRef = F577F5CF1C0BD6A200C8DCA3 /* Assets.xcassets */; };
		F577F5D31C0BD6A200C8DCA3 /* LaunchScreen.storyboard in Resources */ = {isa = PBXBuildFile; fileRef = F577F5D11C0BD6A200C8DCA3 /* LaunchScreen.storyboard */; };
		F577F5DE1C0BD6A300C8DCA3 /* PleaseWork1Tests.swift in Sources */ = {isa = PBXBuildFile; fileRef = F577F5DD1C0BD6A300C8DCA3 /* PleaseWork1Tests.swift */; };
		F577F5E91C0BD6A300C8DCA3 /* PleaseWork1UITests.swift in Sources */ = {isa = PBXBuildFile; fileRef = F577F5E81C0BD6A300C8DCA3 /* PleaseWork1UITests.swift */; };
/* End PBXBuildFile section */

/* Begin PBXContainerItemProxy section */
		F577F5DA1C0BD6A300C8DCA3 /* PBXContainerItemProxy */ = {
			isa = PBXContainerItemProxy;
			containerPortal = F577F5BD1C0BD6A200C8DCA3 /* Project object */;
			proxyType = 1;
			remoteGlobalIDString = F577F5C41C0BD6A200C8DCA3;
			remoteInfo = PleaseWork1;
		};
		F577F5E51C0BD6A300C8DCA3 /* PBXContainerItemProxy */ = {
			isa = PBXContainerItemProxy;
			containerPortal = F577F5BD1C0BD6A200C8DCA3 /* Project object */;
			proxyType = 1;
			remoteGlobalIDString = F577F5C41C0BD6A200C8DCA3;
			remoteInfo = PleaseWork1;
		};
/* End PBXContainerItemProxy section */

/* Begin PBXFileReference section */
		F577F5C51C0BD6A200C8DCA3 /* PleaseWork1.app */ = {isa = PBXFileReference; explicitFileType = wrapper.application; includeInIndex = 0; path = PleaseWork1.app; sourceTree = BUILT_PRODUCTS_DIR; };
		F577F5C81C0BD6A200C8DCA3 /* AppDelegate.swift */ = {isa = PBXFileReference; lastKnownFileType = sourcecode.swift; path = AppDelegate.swift; sourceTree = "<group>"; };
		F577F5CA1C0BD6A200C8DCA3 /* ViewController.swift */ = {isa = PBXFileReference; lastKnownFileType = sourcecode.swift; path = ViewController.swift; sourceTree = "<group>"; };
		F577F5CD1C0BD6A200C8DCA3 /* Base */ = {isa = PBXFileReference; lastKnownFileType = file.storyboard; name = Base; path = Base.lproj/Main.storyboard; sourceTree = "<group>"; };
		F577F5CF1C0BD6A200C8DCA3 /* Assets.xcassets */ = {isa = PBXFileReference; lastKnownFileType = folder.assetcatalog; path = Assets.xcassets; sourceTree = "<group>"; };
		F577F5D21C0BD6A200C8DCA3 /* Base */ = {isa = PBXFileReference; lastKnownFileType = file.storyboard; name = Base; path = Base.lproj/LaunchScreen.storyboard; sourceTree = "<group>"; };
		F577F5D41C0BD6A200C8DCA3 /* Info.plist */ = {isa = PBXFileReference; lastKnownFileType = text.plist.xml; path = Info.plist; sourceTree = "<group>"; };
		F577F5D91C0BD6A300C8DCA3 /* PleaseWork1Tests.xctest */ = {isa = PBXFileReference; explicitFileType = wrapper.cfbundle; includeInIndex = 0; path = PleaseWork1Tests.xctest; sourceTree = BUILT_PRODUCTS_DIR; };
		F577F5DD1C0BD6A300C8DCA3 /* PleaseWork1Tests.swift */ = {isa = PBXFileReference; lastKnownFileType = sourcecode.swift; path = PleaseWork1Tests.swift; sourceTree = "<group>"; };
		F577F5DF1C0BD6A300C8DCA3 /* Info.plist */ = {isa = PBXFileReference; lastKnownFileType = text.plist.xml; path = Info.plist; sourceTree = "<group>"; };
		F577F5E41C0BD6A300C8DCA3 /* PleaseWork1UITests.xctest */ = {isa = PBXFileReference; explicitFileType = wrapper.cfbundle; includeInIndex = 0; path = PleaseWork1UITests.xctest; sourceTree = BUILT_PRODUCTS_DIR; };
		F577F5E81C0BD6A300C8DCA3 /* PleaseWork1UITests.swift */ = {isa = PBXFileReference; lastKnownFileType = sourcecode.swift; path = PleaseWork1UITests.swift; sourceTree = "<group>"; };
		F577F5EA1C0BD6A300C8DCA3 /* Info.plist */ = {isa = PBXFileReference; lastKnownFileType = text.plist.xml; path = Info.plist; sourceTree = "<group>"; };
/* End PBXFileReference section */

/* Begin PBXFrameworksBuildPhase section */
		F577F5C21C0BD6A200C8DCA3 /* Frameworks */ = {
			isa = PBXFrameworksBuildPhase;
			buildActionMask = 2147483647;
			files = (
			);
			runOnlyForDeploymentPostprocessing = 0;
		};
		F577F5D61C0BD6A300C8DCA3 /* Frameworks */ = {
			isa = PBXFrameworksBuildPhase;
			buildActionMask = 2147483647;
			files = (
			);
			runOnlyForDeploymentPostprocessing = 0;
		};
		F577F5E11C0BD6A300C8DCA3 /* Frameworks */ = {
			isa = PBXFrameworksBuildPhase;
			buildActionMask = 2147483647;
			files = (
			);
			runOnlyForDeploymentPostprocessing = 0;
		};
/* End PBXFrameworksBuildPhase section */

/* Begin PBXGroup section */
		F577F5BC1C0BD6A200C8DCA3 = {
			isa = PBXGroup;
			children = (
				F577F5C71C0BD6A200C8DCA3 /* PleaseWork1 */,
				F577F5DC1C0BD6A300C8DCA3 /* PleaseWork1Tests */,
				F577F5E71C0BD6A300C8DCA3 /* PleaseWork1UITests */,
				F577F5C61C0BD6A200C8DCA3 /* Products */,
			);
			sourceTree = "<group>";
		};
		F577F5C61C0BD6A200C8DCA3 /* Products */ = {
			isa = PBXGroup;
			children = (
				F577F5C51C0BD6A200C8DCA3 /* PleaseWork1.app */,
				F577F5D91C0BD6A300C8DCA3 /* PleaseWork1Tests.xctest */,
				F577F5E41C0BD6A300C8DCA3 /* PleaseWork1UITests.xctest */,
			);
			name = Products;
			sourceTree = "<group>";
		};
		F577F5C71C0BD6A200C8DCA3 /* PleaseWork1 */ = {
			isa = PBXGroup;
			children = (
				F577F5C81C0BD6A200C8DCA3 /* AppDelegate.swift */,
				F577F5CA1C0BD6A200C8DCA3 /* ViewController.swift */,
				F577F5CC1C0BD6A200C8DCA3 /* Main.storyboard */,
				F577F5CF1C0BD6A200C8DCA3 /* Assets.xcassets */,
				F577F5D11C0BD6A200C8DCA3 /* LaunchScreen.storyboard */,
				F577F5D41C0BD6A200C8DCA3 /* Info.plist */,
			);
			path = PleaseWork1;
			sourceTree = "<group>";
		};
		F577F5DC1C0BD6A300C8DCA3 /* PleaseWork1Tests */ = {
			isa = PBXGroup;
			children = (
				F577F5DD1C0BD6A300C8DCA3 /* PleaseWork1Tests.swift */,
				F577F5DF1C0BD6A300C8DCA3 /* Info.plist */,
			);
			path = PleaseWork1Tests;
			sourceTree = "<group>";
		};
		F577F5E71C0BD6A300C8DCA3 /* PleaseWork1UITests */ = {
			isa = PBXGroup;
			children = (
				F577F5E81C0BD6A300C8DCA3 /* PleaseWork1UITests.swift */,
				F577F5EA1C0BD6A300C8DCA3 /* Info.plist */,
			);
			path = PleaseWork1UITests;
			sourceTree = "<group>";
		};
/* End PBXGroup section */

/* Begin PBXNativeTarget section */
		F577F5C41C0BD6A200C8DCA3 /* PleaseWork1 */ = {
			isa = PBXNativeTarget;
			buildConfigurationList = F577F5ED1C0BD6A300C8DCA3 /* Build configuration list for PBXNativeTarget "PleaseWork1" */;
			buildPhases = (
				F577F5C11C0BD6A200C8DCA3 /* Sources */,
				F577F5C21C0BD6A200C8DCA3 /* Frameworks */,
				F577F5C31C0BD6A200C8DCA3 /* Resources */,
			);
			buildRules = (
			);
			dependencies = (
			);
			name = PleaseWork1;
			productName = PleaseWork1;
			productReference = F577F5C51C0BD6A200C8DCA3 /* PleaseWork1.app */;
			productType = "com.apple.product-type.application";
		};
		F577F5D81C0BD6A300C8DCA3 /* PleaseWork1Tests */ = {
			isa = PBXNativeTarget;
			buildConfigurationList = F577F5F01C0BD6A300C8DCA3 /* Build configuration list for PBXNativeTarget "PleaseWork1Tests" */;
			buildPhases = (
				F577F5D51C0BD6A300C8DCA3 /* Sources */,
				F577F5D61C0BD6A300C8DCA3 /* Frameworks */,
				F577F5D71C0BD6A300C8DCA3 /* Resources */,
			);
			buildRules = (
			);
			dependencies = (
				F577F5DB1C0BD6A300C8DCA3 /* PBXTargetDependency */,
			);
			name = PleaseWork1Tests;
			productName = PleaseWork1Tests;
			productReference = F577F5D91C0BD6A300C8DCA3 /* PleaseWork1Tests.xctest */;
			productType = "com.apple.product-type.bundle.unit-test";
		};
		F577F5E31C0BD6A300C8DCA3 /* PleaseWork1UITests */ = {
			isa = PBXNativeTarget;
			buildConfigurationList = F577F5F31C0BD6A300C8DCA3 /* Build configuration list for PBXNativeTarget "PleaseWork1UITests" */;
			buildPhases = (
				F577F5E01C0BD6A300C8DCA3 /* Sources */,
				F577F5E11C0BD6A300C8DCA3 /* Frameworks */,
				F577F5E21C0BD6A300C8DCA3 /* Resources */,
			);
			buildRules = (
			);
			dependencies = (
				F577F5E61C0BD6A300C8DCA3 /* PBXTargetDependency */,
			);
			name = PleaseWork1UITests;
			productName = PleaseWork1UITests;
			productReference = F577F5E41C0BD6A300C8DCA3 /* PleaseWork1UITests.xctest */;
			productType = "com.apple.product-type.bundle.ui-testing";
		};
/* End PBXNativeTarget section */

/* Begin PBXProject section */
		F577F5BD1C0BD6A200C8DCA3 /* Project object */ = {
			isa = PBXProject;
			attributes = {
				LastSwiftUpdateCheck = 0710;
				LastUpgradeCheck = 0710;
				ORGANIZATIONNAME = "Tarek  El Naggar";
				TargetAttributes = {
					F577F5C41C0BD6A200C8DCA3 = {
						CreatedOnToolsVersion = 7.1.1;
					};
					F577F5D81C0BD6A300C8DCA3 = {
						CreatedOnToolsVersion = 7.1.1;
						TestTargetID = F577F5C41C0BD6A200C8DCA3;
					};
					F577F5E31C0BD6A300C8DCA3 = {
						CreatedOnToolsVersion = 7.1.1;
						TestTargetID = F577F5C41C0BD6A200C8DCA3;
					};
				};
			};
			buildConfigurationList = F577F5C01C0BD6A200C8DCA3 /* Build configuration list for PBXProject "PleaseWork1" */;
			compatibilityVersion = "Xcode 3.2";
			developmentRegion = English;
			hasScannedForEncodings = 0;
			knownRegions = (
				en,
				Base,
			);
			mainGroup = F577F5BC1C0BD6A200C8DCA3;
			productRefGroup = F577F5C61C0BD6A200C8DCA3 /* Products */;
			projectDirPath = "";
			projectRoot = "";
			targets = (
				F577F5C41C0BD6A200C8DCA3 /* PleaseWork1 */,
				F577F5D81C0BD6A300C8DCA3 /* PleaseWork1Tests */,
				F577F5E31C0BD6A300C8DCA3 /* PleaseWork1UITests */,
			);
		};
/* End PBXProject section */

/* Begin PBXResourcesBuildPhase section */
		F577F5C31C0BD6A200C8DCA3 /* Resources */ = {
			isa = PBXResourcesBuildPhase;
			buildActionMask = 2147483647;
			files = (
				F577F5D31C0BD6A200C8DCA3 /* LaunchScreen.storyboard in Resources */,
				F577F5D01C0BD6A200C8DCA3 /* Assets.xcassets in Resources */,
				F577F5CE1C0BD6A200C8DCA3 /* Main.storyboard in Resources */,
			);
			runOnlyForDeploymentPostprocessing = 0;
		};
		F577F5D71C0BD6A300C8DCA3 /* Resources */ = {
			isa = PBXResourcesBuildPhase;
			buildActionMask = 2147483647;
			files = (
			);
			runOnlyForDeploymentPostprocessing = 0;
		};
		F577F5E21C0BD6A300C8DCA3 /* Resources */ = {
			isa = PBXResourcesBuildPhase;
			buildActionMask = 2147483647;
			files = (
			);
			runOnlyForDeploymentPostprocessing = 0;
		};
/* End PBXResourcesBuildPhase section */

/* Begin PBXSourcesBuildPhase section */
		F577F5C11C0BD6A200C8DCA3 /* Sources */ = {
			isa = PBXSourcesBuildPhase;
			buildActionMask = 2147483647;
			files = (
				F577F5CB1C0BD6A200C8DCA3 /* ViewController.swift in Sources */,
				F577F5C91C0BD6A200C8DCA3 /* AppDelegate.swift in Sources */,
			);
			runOnlyForDeploymentPostprocessing = 0;
		};
		F577F5D51C0BD6A300C8DCA3 /* Sources */ = {
			isa = PBXSourcesBuildPhase;
			buildActionMask = 2147483647;
			files = (
				F577F5DE1C0BD6A300C8DCA3 /* PleaseWork1Tests.swift in Sources */,
			);
			runOnlyForDeploymentPostprocessing = 0;
		};
		F577F5E01C0BD6A300C8DCA3 /* Sources */ = {
			isa = PBXSourcesBuildPhase;
			buildActionMask = 2147483647;
			files = (
				F577F5E91C0BD6A300C8DCA3 /* PleaseWork1UITests.swift in Sources */,
			);
			runOnlyForDeploymentPostprocessing = 0;
		};
/* End PBXSourcesBuildPhase section */

/* Begin PBXTargetDependency section */
		F577F5DB1C0BD6A300C8DCA3 /* PBXTargetDependency */ = {
			isa = PBXTargetDependency;
			target = F577F5C41C0BD6A200C8DCA3 /* PleaseWork1 */;
			targetProxy = F577F5DA1C0BD6A300C8DCA3 /* PBXContainerItemProxy */;
		};
		F577F5E61C0BD6A300C8DCA3 /* PBXTargetDependency */ = {
			isa = PBXTargetDependency;
			target = F577F5C41C0BD6A200C8DCA3 /* PleaseWork1 */;
			targetProxy = F577F5E51C0BD6A300C8DCA3 /* PBXContainerItemProxy */;
		};
/* End PBXTargetDependency section */

/* Begin PBXVariantGroup section */
		F577F5CC1C0BD6A200C8DCA3 /* Main.storyboard */ = {
			isa = PBXVariantGroup;
			children = (
				F577F5CD1C0BD6A200C8DCA3 /* Base */,
			);
			name = Main.storyboard;
			sourceTree = "<group>";
		};
		F577F5D11C0BD6A200C8DCA3 /* LaunchScreen.storyboard */ = {
			isa = PBXVariantGroup;
			children = (
				F577F5D21C0BD6A200C8DCA3 /* Base */,
			);
			name = LaunchScreen.storyboard;
			sourceTree = "<group>";
		};
/* End PBXVariantGroup section */

/* Begin XCBuildConfiguration section */
		F577F5EB1C0BD6A300C8DCA3 /* Debug */ = {
			isa = XCBuildConfiguration;
			buildSettings = {
				ALWAYS_SEARCH_USER_PATHS = NO;
				CLANG_CXX_LANGUAGE_STANDARD = "gnu++0x";
				CLANG_CXX_LIBRARY = "libc++";
				CLANG_ENABLE_MODULES = YES;
				CLANG_ENABLE_OBJC_ARC = YES;
				CLANG_WARN_BOOL_CONVERSION = YES;
				CLANG_WARN_CONSTANT_CONVERSION = YES;
				CLANG_WARN_DIRECT_OBJC_ISA_USAGE = YES_ERROR;
				CLANG_WARN_EMPTY_BODY = YES;
				CLANG_WARN_ENUM_CONVERSION = YES;
				CLANG_WARN_INT_CONVERSION = YES;
				CLANG_WARN_OBJC_ROOT_CLASS = YES_ERROR;
				CLANG_WARN_UNREACHABLE_CODE = YES;
				CLANG_WARN__DUPLICATE_METHOD_MATCH = YES;
				"CODE_SIGN_IDENTITY[sdk=iphoneos*]" = "iPhone Developer";
				COPY_PHASE_STRIP = NO;
				DEBUG_INFORMATION_FORMAT = dwarf;
				ENABLE_STRICT_OBJC_MSGSEND = YES;
				ENABLE_TESTABILITY = YES;
				GCC_C_LANGUAGE_STANDARD = gnu99;
				GCC_DYNAMIC_NO_PIC = NO;
				GCC_NO_COMMON_BLOCKS = YES;
				GCC_OPTIMIZATION_LEVEL = 0;
				GCC_PREPROCESSOR_DEFINITIONS = (
					"DEBUG=1",
					"$(inherited)",
				);
				GCC_WARN_64_TO_32_BIT_CONVERSION = YES;
				GCC_WARN_ABOUT_RETURN_TYPE = YES_ERROR;
				GCC_WARN_UNDECLARED_SELECTOR = YES;
				GCC_WARN_UNINITIALIZED_AUTOS = YES_AGGRESSIVE;
				GCC_WARN_UNUSED_FUNCTION = YES;
				GCC_WARN_UNUSED_VARIABLE = YES;
				IPHONEOS_DEPLOYMENT_TARGET = 9.1;
				MTL_ENABLE_DEBUG_INFO = YES;
				ONLY_ACTIVE_ARCH = YES;
				SDKROOT = iphoneos;
				SWIFT_OPTIMIZATION_LEVEL = "-Onone";
				TARGETED_DEVICE_FAMILY = "1,2";
			};
			name = Debug;
		};
		F577F5EC1C0BD6A300C8DCA3 /* Release */ = {
			isa = XCBuildConfiguration;
			buildSettings = {
				ALWAYS_SEARCH_USER_PATHS = NO;
				CLANG_CXX_LANGUAGE_STANDARD = "gnu++0x";
				CLANG_CXX_LIBRARY = "libc++";
				CLANG_ENABLE_MODULES = YES;
				CLANG_ENABLE_OBJC_ARC = YES;
				CLANG_WARN_BOOL_CONVERSION = YES;
				CLANG_WARN_CONSTANT_CONVERSION = YES;
				CLANG_WARN_DIRECT_OBJC_ISA_USAGE = YES_ERROR;
				CLANG_WARN_EMPTY_BODY = YES;
				CLANG_WARN_ENUM_CONVERSION = YES;
				CLANG_WARN_INT_CONVERSION = YES;
				CLANG_WARN_OBJC_ROOT_CLASS = YES_ERROR;
				CLANG_WARN_UNREACHABLE_CODE = YES;
				CLANG_WARN__DUPLICATE_METHOD_MATCH = YES;
				"CODE_SIGN_IDENTITY[sdk=iphoneos*]" = "iPhone Developer";
				COPY_PHASE_STRIP = NO;
				DEBUG_INFORMATION_FORMAT = "dwarf-with-dsym";
				ENABLE_NS_ASSERTIONS = NO;
				ENABLE_STRICT_OBJC_MSGSEND = YES;
				GCC_C_LANGUAGE_STANDARD = gnu99;
				GCC_NO_COMMON_BLOCKS = YES;
				GCC_WARN_64_TO_32_BIT_CONVERSION = YES;
				GCC_WARN_ABOUT_RETURN_TYPE = YES_ERROR;
				GCC_WARN_UNDECLARED_SELECTOR = YES;
				GCC_WARN_UNINITIALIZED_AUTOS = YES_AGGRESSIVE;
				GCC_WARN_UNUSED_FUNCTION = YES;
				GCC_WARN_UNUSED_VARIABLE = YES;
				IPHONEOS_DEPLOYMENT_TARGET = 9.1;
				MTL_ENABLE_DEBUG_INFO = NO;
				SDKROOT = iphoneos;
				TARGETED_DEVICE_FAMILY = "1,2";
				VALIDATE_PRODUCT = YES;
			};
			name = Release;
		};
		F577F5EE1C0BD6A300C8DCA3 /* Debug */ = {
			isa = XCBuildConfiguration;
			buildSettings = {
				ASSETCATALOG_COMPILER_APPICON_NAME = AppIcon;
				INFOPLIST_FILE = PleaseWork1/Info.plist;
				LD_RUNPATH_SEARCH_PATHS = "$(inherited) @executable_path/Frameworks";
				PRODUCT_BUNDLE_IDENTIFIER = t.elnaggar.PleaseWork1;
				PRODUCT_NAME = "$(TARGET_NAME)";
			};
			name = Debug;
		};
		F577F5EF1C0BD6A300C8DCA3 /* Release */ = {
			isa = XCBuildConfiguration;
			buildSettings = {
				ASSETCATALOG_COMPILER_APPICON_NAME = AppIcon;
				INFOPLIST_FILE = PleaseWork1/Info.plist;
				LD_RUNPATH_SEARCH_PATHS = "$(inherited) @executable_path/Frameworks";
				PRODUCT_BUNDLE_IDENTIFIER = t.elnaggar.PleaseWork1;
				PRODUCT_NAME = "$(TARGET_NAME)";
			};
			name = Release;
		};
		F577F5F11C0BD6A300C8DCA3 /* Debug */ = {
			isa = XCBuildConfiguration;
			buildSettings = {
				BUNDLE_LOADER = "$(TEST_HOST)";
				INFOPLIST_FILE = PleaseWork1Tests/Info.plist;
				LD_RUNPATH_SEARCH_PATHS = "$(inherited) @executable_path/Frameworks @loader_path/Frameworks";
				PRODUCT_BUNDLE_IDENTIFIER = t.elnaggar.PleaseWork1Tests;
				PRODUCT_NAME = "$(TARGET_NAME)";
				TEST_HOST = "$(BUILT_PRODUCTS_DIR)/PleaseWork1.app/PleaseWork1";
			};
			name = Debug;
		};
		F577F5F21C0BD6A300C8DCA3 /* Release */ = {
			isa = XCBuildConfiguration;
			buildSettings = {
				BUNDLE_LOADER = "$(TEST_HOST)";
				INFOPLIST_FILE = PleaseWork1Tests/Info.plist;
				LD_RUNPATH_SEARCH_PATHS = "$(inherited) @executable_path/Frameworks @loader_path/Frameworks";
				PRODUCT_BUNDLE_IDENTIFIER = t.elnaggar.PleaseWork1Tests;
				PRODUCT_NAME = "$(TARGET_NAME)";
				TEST_HOST = "$(BUILT_PRODUCTS_DIR)/PleaseWork1.app/PleaseWork1";
			};
			name = Release;
		};
		F577F5F41C0BD6A300C8DCA3 /* Debug */ = {
			isa = XCBuildConfiguration;
			buildSettings = {
				INFOPLIST_FILE = PleaseWork1UITests/Info.plist;
				LD_RUNPATH_SEARCH_PATHS = "$(inherited) @executable_path/Frameworks @loader_path/Frameworks";
				PRODUCT_BUNDLE_IDENTIFIER = t.elnaggar.PleaseWork1UITests;
				PRODUCT_NAME = "$(TARGET_NAME)";
				TEST_TARGET_NAME = PleaseWork1;
				USES_XCTRUNNER = YES;
			};
			name = Debug;
		};
		F577F5F51C0BD6A300C8DCA3 /* Release */ = {
			isa = XCBuildConfiguration;
			buildSettings = {
				INFOPLIST_FILE = PleaseWork1UITests/Info.plist;
				LD_RUNPATH_SEARCH_PATHS = "$(inherited) @executable_path/Frameworks @loader_path/Frameworks";
				PRODUCT_BUNDLE_IDENTIFIER = t.elnaggar.PleaseWork1UITests;
				PRODUCT_NAME = "$(TARGET_NAME)";
				TEST_TARGET_NAME = PleaseWork1;
				USES_XCTRUNNER = YES;
			};
			name = Release;
		};
/* End XCBuildConfiguration section */

/* Begin XCConfigurationList section */
		F577F5C01C0BD6A200C8DCA3 /* Build configuration list for PBXProject "PleaseWork1" */ = {
			isa = XCConfigurationList;
			buildConfigurations = (
				F577F5EB1C0BD6A300C8DCA3 /* Debug */,
				F577F5EC1C0BD6A300C8DCA3 /* Release */,
			);
			defaultConfigurationIsVisible = 0;
			defaultConfigurationName = Release;
		};
		F577F5ED1C0BD6A300C8DCA3 /* Build configuration list for PBXNativeTarget "PleaseWork1" */ = {
			isa = XCConfigurationList;
			buildConfigurations = (
				F577F5EE1C0BD6A300C8DCA3 /* Debug */,
				F577F5EF1C0BD6A300C8DCA3 /* Release */,
			);
			defaultConfigurationIsVisible = 0;
		};
		F577F5F01C0BD6A300C8DCA3 /* Build configuration list for PBXNativeTarget "PleaseWork1Tests" */ = {
			isa = XCConfigurationList;
			buildConfigurations = (
				F577F5F11C0BD6A300C8DCA3 /* Debug */,
				F577F5F21C0BD6A300C8DCA3 /* Release */,
			);
			defaultConfigurationIsVisible = 0;
		};
		F577F5F31C0BD6A300C8DCA3 /* Build configuration list for PBXNativeTarget "PleaseWork1UITests" */ = {
			isa = XCConfigurationList;
			buildConfigurations = (
				F577F5F41C0BD6A300C8DCA3 /* Debug */,
				F577F5F51C0BD6A300C8DCA3 /* Release */,
			);
			defaultConfigurationIsVisible = 0;
		};
/* End XCConfigurationList section */
	};
	rootObject = F577F5BD1C0BD6A200C8DCA3 /* Project object */;
}
